
Microsoft Visual Studio Solution File, Format Version 12.00
# Visual Studio Version 17
VisualStudioVersion = 17.0.31825.309
MinimumVisualStudioVersion = 10.0.40219.1
Project("{9A19103F-16F7-4668-BE54-9A1E7A4F7556}") = "WindowsGSM", "WindowsGSM.csproj", "{4D36CB19-46A4-42B4-A7CD-AB363DCA2876}"
EndProject
Project("{9A19103F-16F7-4668-BE54-9A1E7A4F7556}") = "SteamAuth", "..\SteamAuth\SteamAuth.csproj", "{16518182-616C-42C5-98C5-D7B6D7FBF3D4}"
EndProject
Project("{9A19103F-16F7-4668-BE54-9A1E7A4F7556}") = "WindowsPseudoConsole", "..\WindowsPseudoConsole\WindowsPseudoConsole.csproj", "{DAD294D5-D6C4-4B66-A28E-A8BE1E54AFB7}"
EndProject
Global
	GlobalSection(SolutionConfigurationPlatforms) = preSolution
		Debug|Any CPU = Debug|Any CPU
		Release|Any CPU = Release|Any CPU
	EndGlobalSection
	GlobalSection(ProjectConfigurationPlatforms) = postSolution
		{4D36CB19-46A4-42B4-A7CD-AB363DCA2876}.Debug|Any CPU.ActiveCfg = Debug|Any CPU
		{4D36CB19-46A4-42B4-A7CD-AB363DCA2876}.Debug|Any CPU.Build.0 = Debug|Any CPU
		{4D36CB19-46A4-42B4-A7CD-AB363DCA2876}.Release|Any CPU.ActiveCfg = Release|Any CPU
		{4D36CB19-46A4-42B4-A7CD-AB363DCA2876}.Release|Any CPU.Build.0 = Release|Any CPU
		{16518182-616C-42C5-98C5-D7B6D7FBF3D4}.Debug|Any CPU.ActiveCfg = Debug|Any CPU
		{16518182-616C-42C5-98C5-D7B6D7FBF3D4}.Debug|Any CPU.Build.0 = Debug|Any CPU
		{16518182-616C-42C5-98C5-D7B6D7FBF3D4}.Release|Any CPU.ActiveCfg = Release|Any CPU
		{16518182-616C-42C5-98C5-D7B6D7FBF3D4}.Release|Any CPU.Build.0 = Release|Any CPU
		{DAD294D5-D6C4-4B66-A28E-A8BE1E54AFB7}.Debug|Any CPU.ActiveCfg = Debug|Any CPU
		{DAD294D5-D6C4-4B66-A28E-A8BE1E54AFB7}.Debug|Any CPU.Build.0 = Debug|Any CPU
		{DAD294D5-D6C4-4B66-A28E-A8BE1E54AFB7}.Release|Any CPU.ActiveCfg = Release|Any CPU
		{DAD294D5-D6C4-4B66-A28E-A8BE1E54AFB7}.Release|Any CPU.Build.0 = Release|Any CPU
	EndGlobalSection
	GlobalSection(SolutionProperties) = preSolution
		HideSolutionNode = FALSE
	EndGlobalSection
	GlobalSection(ExtensibilityGlobals) = postSolution
		SolutionGuid = {BBE1D07E-60B9-4B5E-BC1F-0872EA4BC020}
	EndGlobalSection
EndGlobal
