
Microsoft Visual Studio Solution File, Format Version 12.00
# Visual Studio Version 16
VisualStudioVersion = 16.0.28803.452
MinimumVisualStudioVersion = 10.0.40219.1
Project("{FAE04EC0-301F-11D3-BF4B-00C04F79EFBC}") = "WindowsGSM", "WindowsGSM\WindowsGSM.csproj", "{265CF81D-8287-45CB-958F-5987DDE68661}"
EndProject
Project("{FAE04EC0-301F-11D3-BF4B-00C04F79EFBC}") = "WindowsGSM-Plugin-Development", "WindowsGSM-Plugin-Development\WindowsGSM-Plugin-Development.csproj", "{AEF47C0F-501D-45DC-AD85-91CDB4FEC047}"
EndProject
Global
	GlobalSection(SolutionConfigurationPlatforms) = preSolution
		Debug|Any CPU = Debug|Any CPU
		Debug|ARM = Debug|ARM
		Debug|ARM64 = Debug|ARM64
		Debug|x64 = Debug|x64
		Debug|x86 = Debug|x86
		Release|Any CPU = Release|Any CPU
		Release|ARM = Release|ARM
		Release|ARM64 = Release|ARM64
		Release|x64 = Release|x64
		Release|x86 = Release|x86
	EndGlobalSection
	GlobalSection(ProjectConfigurationPlatforms) = postSolution
		{265CF81D-8287-45CB-958F-5987DDE68661}.Debug|Any CPU.ActiveCfg = Debug|Any CPU
		{265CF81D-8287-45CB-958F-5987DDE68661}.Debug|Any CPU.Build.0 = Debug|Any CPU
		{265CF81D-8287-45CB-958F-5987DDE68661}.Debug|ARM.ActiveCfg = Debug|Any CPU
		{265CF81D-8287-45CB-958F-5987DDE68661}.Debug|ARM.Build.0 = Debug|Any CPU
		{265CF81D-8287-45CB-958F-5987DDE68661}.Debug|ARM64.ActiveCfg = Debug|Any CPU
		{265CF81D-8287-45CB-958F-5987DDE68661}.Debug|ARM64.Build.0 = Debug|Any CPU
		{265CF81D-8287-45CB-958F-5987DDE68661}.Debug|x64.ActiveCfg = Debug|Any CPU
		{265CF81D-8287-45CB-958F-5987DDE68661}.Debug|x64.Build.0 = Debug|Any CPU
		{265CF81D-8287-45CB-958F-5987DDE68661}.Debug|x86.ActiveCfg = Debug|Any CPU
		{265CF81D-8287-45CB-958F-5987DDE68661}.Debug|x86.Build.0 = Debug|Any CPU
		{265CF81D-8287-45CB-958F-5987DDE68661}.Release|Any CPU.ActiveCfg = Release|Any CPU
		{265CF81D-8287-45CB-958F-5987DDE68661}.Release|Any CPU.Build.0 = Release|Any CPU
		{265CF81D-8287-45CB-958F-5987DDE68661}.Release|ARM.ActiveCfg = Release|Any CPU
		{265CF81D-8287-45CB-958F-5987DDE68661}.Release|ARM.Build.0 = Release|Any CPU
		{265CF81D-8287-45CB-958F-5987DDE68661}.Release|ARM64.ActiveCfg = Release|Any CPU
		{265CF81D-8287-45CB-958F-5987DDE68661}.Release|ARM64.Build.0 = Release|Any CPU
		{265CF81D-8287-45CB-958F-5987DDE68661}.Release|x64.ActiveCfg = Release|Any CPU
		{265CF81D-8287-45CB-958F-5987DDE68661}.Release|x64.Build.0 = Release|Any CPU
		{265CF81D-8287-45CB-958F-5987DDE68661}.Release|x86.ActiveCfg = Release|Any CPU
		{265CF81D-8287-45CB-958F-5987DDE68661}.Release|x86.Build.0 = Release|Any CPU
		{AEF47C0F-501D-45DC-AD85-91CDB4FEC047}.Debug|Any CPU.ActiveCfg = Debug|Any CPU
		{AEF47C0F-501D-45DC-AD85-91CDB4FEC047}.Debug|Any CPU.Build.0 = Debug|Any CPU
		{AEF47C0F-501D-45DC-AD85-91CDB4FEC047}.Debug|ARM.ActiveCfg = Debug|Any CPU
		{AEF47C0F-501D-45DC-AD85-91CDB4FEC047}.Debug|ARM.Build.0 = Debug|Any CPU
		{AEF47C0F-501D-45DC-AD85-91CDB4FEC047}.Debug|ARM64.ActiveCfg = Debug|Any CPU
		{AEF47C0F-501D-45DC-AD85-91CDB4FEC047}.Debug|ARM64.Build.0 = Debug|Any CPU
		{AEF47C0F-501D-45DC-AD85-91CDB4FEC047}.Debug|x64.ActiveCfg = Debug|Any CPU
		{AEF47C0F-501D-45DC-AD85-91CDB4FEC047}.Debug|x64.Build.0 = Debug|Any CPU
		{AEF47C0F-501D-45DC-AD85-91CDB4FEC047}.Debug|x86.ActiveCfg = Debug|Any CPU
		{AEF47C0F-501D-45DC-AD85-91CDB4FEC047}.Debug|x86.Build.0 = Debug|Any CPU
		{AEF47C0F-501D-45DC-AD85-91CDB4FEC047}.Release|Any CPU.ActiveCfg = Release|Any CPU
		{AEF47C0F-501D-45DC-AD85-91CDB4FEC047}.Release|Any CPU.Build.0 = Release|Any CPU
		{AEF47C0F-501D-45DC-AD85-91CDB4FEC047}.Release|ARM.ActiveCfg = Release|Any CPU
		{AEF47C0F-501D-45DC-AD85-91CDB4FEC047}.Release|ARM.Build.0 = Release|Any CPU
		{AEF47C0F-501D-45DC-AD85-91CDB4FEC047}.Release|ARM64.ActiveCfg = Release|Any CPU
		{AEF47C0F-501D-45DC-AD85-91CDB4FEC047}.Release|ARM64.Build.0 = Release|Any CPU
		{AEF47C0F-501D-45DC-AD85-91CDB4FEC047}.Release|x64.ActiveCfg = Release|Any CPU
		{AEF47C0F-501D-45DC-AD85-91CDB4FEC047}.Release|x64.Build.0 = Release|Any CPU
		{AEF47C0F-501D-45DC-AD85-91CDB4FEC047}.Release|x86.ActiveCfg = Release|Any CPU
		{AEF47C0F-501D-45DC-AD85-91CDB4FEC047}.Release|x86.Build.0 = Release|Any CPU
	EndGlobalSection
	GlobalSection(SolutionProperties) = preSolution
		HideSolutionNode = FALSE
	EndGlobalSection
	GlobalSection(ExtensibilityGlobals) = postSolution
		SolutionGuid = {0C099D7B-7E16-46A5-AD99-511AF9A0557E}
	EndGlobalSection
EndGlobal
